<?xml version="1.0" encoding="utf-8"?>
<Project ToolsVersion="4.0" xmlns="http://schemas.microsoft.com/developer/msbuild/2003">
  <ItemGroup>
    <Filter Include="Source Files">
      <UniqueIdentifier>{4FC737F1-C7A5-4376-A066-2A32D752A2FF}</UniqueIdentifier>
      <Extensions>cpp;c;cc;cxx;def;odl;idl;hpj;bat;asm;asmx</Extensions>
    </Filter>
    <Filter Include="Header Files">
      <UniqueIdentifier>{93995380-89BD-4b04-88EB-625FBE52EBFB}</UniqueIdentifier>
      <Extensions>h;hpp;hxx;hm;inl;inc;xsd</Extensions>
    </Filter>
    <Filter Include="Resource Files">
      <UniqueIdentifier>{67DA6AB6-F800-4c08-8B7A-83BB121AAD01}</UniqueIdentifier>
      <Extensions>rc;ico;cur;bmp;dlg;rc2;rct;bin;rgs;gif;jpg;jpeg;jpe;resx;tiff;tif;png;wav;mfcribbon-ms</Extensions>
    </Filter>
    <Filter Include="Header Files\Janelas">
      <UniqueIdentifier>{b71d5772-f877-484b-9a83-91214bcc90d5}</UniqueIdentifier>
    </Filter>
    <Filter Include="Source Files\Janelas">
      <UniqueIdentifier>{b7ea9fbd-21b7-4470-b4ad-498cdd2b6075}</UniqueIdentifier>
    </Filter>
    <Filter Include="Header Files\Telas">
      <UniqueIdentifier>{1ae140f8-5dbd-4f9b-b27e-c3fe7610b209}</UniqueIdentifier>
    </Filter>
    <Filter Include="Source Files\Telas">
      <UniqueIdentifier>{b1629151-42ac-48c9-a978-07de514fabe0}</UniqueIdentifier>
    </Filter>
    <Filter Include="Header Files\Atores">
      <UniqueIdentifier>{ef440940-cfe4-401c-bc0b-7c910ddf263d}</UniqueIdentifier>
    </Filter>
    <Filter Include="Source Files\Atores">
      <UniqueIdentifier>{813cfd0d-c407-4bde-b54c-2817452eacd7}</UniqueIdentifier>
    </Filter>
    <Filter Include="Source Files\Itens">
      <UniqueIdentifier>{0d35dc24-2588-4101-a021-98adfc2d9e01}</UniqueIdentifier>
    </Filter>
    <Filter Include="Header Files\Itens">
      <UniqueIdentifier>{767e5982-e123-4862-85d5-3fe78b35e1b6}</UniqueIdentifier>
    </Filter>
    <Filter Include="Header Files\Atores\Inimigos">
      <UniqueIdentifier>{00f30f03-50b9-4e1e-b51c-fc76aa5cd751}</UniqueIdentifier>
    </Filter>
    <Filter Include="Header Files\Atores\Habilidades">
      <UniqueIdentifier>{4117d9c2-c0a2-492f-a2e5-159e544b39bf}</UniqueIdentifier>
    </Filter>
    <Filter Include="Source Files\Atores\Inimigos">
      <UniqueIdentifier>{2580eedc-6dee-47e3-a8b2-55e625f66372}</UniqueIdentifier>
    </Filter>
    <Filter Include="Source Files\Atores\Habilidades">
      <UniqueIdentifier>{1e4e644f-2734-46f1-b2c5-80bc4eff39c2}</UniqueIdentifier>
    </Filter>
  </ItemGroup>
  <ItemGroup>
    <ClCompile Include="Main.cpp">
      <Filter>Source Files</Filter>
    </ClCompile>
    <ClCompile Include="SDLApp.cpp">
      <Filter>Source Files</Filter>
    </ClCompile>
    <ClCompile Include="Sprite.cpp">
      <Filter>Source Files</Filter>
    </ClCompile>
    <ClCompile Include="GerenteJanela.cpp">
      <Filter>Source Files\Janelas</Filter>
    </ClCompile>
    <ClCompile Include="Janela.cpp">
      <Filter>Source Files\Janelas</Filter>
    </ClCompile>
    <ClCompile Include="GerenciadorTelas.cpp">
      <Filter>Source Files\Telas</Filter>
    </ClCompile>
    <ClCompile Include="MenuInicial.cpp">
      <Filter>Source Files\Telas</Filter>
    </ClCompile>
    <ClCompile Include="FW_Entrada.cpp">
      <Filter>Source Files</Filter>
    </ClCompile>
    <ClCompile Include="Ingame.cpp">
      <Filter>Source Files\Telas</Filter>
    </ClCompile>
    <ClCompile Include="Ator.cpp">
      <Filter>Source Files\Atores</Filter>
    </ClCompile>
    <ClCompile Include="GerenteAtor.cpp">
      <Filter>Source Files\Atores</Filter>
    </ClCompile>
    <ClCompile Include="Jogador.cpp">
      <Filter>Source Files\Atores</Filter>
    </ClCompile>
    <ClCompile Include="Mapa.cpp">
      <Filter>Source Files</Filter>
    </ClCompile>
    <ClCompile Include="Botao.cpp">
      <Filter>Source Files</Filter>
    </ClCompile>
    <ClCompile Include="Item.cpp">
      <Filter>Source Files\Itens</Filter>
    </ClCompile>
    <ClCompile Include="Equipamento.cpp">
      <Filter>Source Files\Itens</Filter>
    </ClCompile>
    <ClCompile Include="Inimigo.cpp">
      <Filter>Source Files\Atores\Inimigos</Filter>
    </ClCompile>
    <ClCompile Include="EnergyBall.cpp">
      <Filter>Source Files\Atores\Habilidades</Filter>
    </ClCompile>
    <ClCompile Include="Explosion.cpp">
      <Filter>Source Files\Atores\Habilidades</Filter>
    </ClCompile>
    <ClCompile Include="Habilidades.cpp">
      <Filter>Source Files\Atores\Habilidades</Filter>
    </ClCompile>
    <ClCompile Include="Slash.cpp">
      <Filter>Source Files\Atores\Habilidades</Filter>
    </ClCompile>
    <ClCompile Include="DropItem.cpp">
      <Filter>Source Files\Atores</Filter>
    </ClCompile>
    <ClCompile Include="Consumavel.cpp">
      <Filter>Source Files\Itens</Filter>
    </ClCompile>
    <ClCompile Include="Espinhos.cpp">
      <Filter>Source Files\Atores\Habilidades</Filter>
    </ClCompile>
    <ClCompile Include="Flecha.cpp">
      <Filter>Source Files\Atores\Habilidades</Filter>
    </ClCompile>
    <ClCompile Include="Armadilha.cpp">
      <Filter>Source Files\Atores</Filter>
    </ClCompile>
    <ClCompile Include="BotaoPersonalizado.cpp">
      <Filter>Source Files</Filter>
    </ClCompile>
    <ClCompile Include="Claw.cpp">
      <Filter>Source Files\Atores\Habilidades</Filter>
    </ClCompile>
    <ClCompile Include="Lobisomem.cpp">
      <Filter>Source Files\Atores\Inimigos</Filter>
    </ClCompile>
    <ClCompile Include="Lucifer.cpp">
      <Filter>Source Files\Atores\Inimigos</Filter>
    </ClCompile>
    <ClCompile Include="Crowley.cpp">
      <Filter>Source Files\Atores\Inimigos</Filter>
    </ClCompile>
    <ClCompile Include="Editor.cpp">
      <Filter>Source Files\Telas</Filter>
    </ClCompile>
  </ItemGroup>
  <ItemGroup>
    <ClInclude Include="globaldef.h">
      <Filter>Header Files</Filter>
    </ClInclude>
    <ClInclude Include="SDLApp.h">
      <Filter>Header Files</Filter>
    </ClInclude>
    <ClInclude Include="Sprite.h">
      <Filter>Header Files</Filter>
    </ClInclude>
    <ClInclude Include="GerenteJanela.h">
      <Filter>Header Files\Janelas</Filter>
    </ClInclude>
    <ClInclude Include="Janela.h">
      <Filter>Header Files\Janelas</Filter>
    </ClInclude>
    <ClInclude Include="Tela.h">
      <Filter>Header Files\Telas</Filter>
    </ClInclude>
    <ClInclude Include="GerenciadorTelas.h">
      <Filter>Header Files\Telas</Filter>
    </ClInclude>
    <ClInclude Include="MenuInicial.h">
      <Filter>Header Files\Telas</Filter>
    </ClInclude>
    <ClInclude Include="FW_Entrada.h">
      <Filter>Header Files</Filter>
    </ClInclude>
    <ClInclude Include="Ingame.h">
      <Filter>Header Files\Telas</Filter>
    </ClInclude>
    <ClInclude Include="GerenteAtor.h">
      <Filter>Header Files\Atores</Filter>
    </ClInclude>
    <ClInclude Include="Ator.h">
      <Filter>Header Files\Atores</Filter>
    </ClInclude>
    <ClInclude Include="Jogador.h">
      <Filter>Header Files\Atores</Filter>
    </ClInclude>
    <ClInclude Include="Mapa.h">
      <Filter>Header Files</Filter>
    </ClInclude>
    <ClInclude Include="Botao.h">
      <Filter>Header Files</Filter>
    </ClInclude>
    <ClInclude Include="Item.h">
      <Filter>Header Files\Itens</Filter>
    </ClInclude>
    <ClInclude Include="Equipamento.h">
      <Filter>Header Files\Itens</Filter>
    </ClInclude>
    <ClInclude Include="Inimigo.h">
      <Filter>Header Files\Atores\Inimigos</Filter>
    </ClInclude>
    <ClInclude Include="Slash.h">
      <Filter>Header Files\Atores\Habilidades</Filter>
    </ClInclude>
    <ClInclude Include="Habilidades.h">
      <Filter>Header Files\Atores\Habilidades</Filter>
    </ClInclude>
    <ClInclude Include="Explosion.h">
      <Filter>Header Files\Atores\Habilidades</Filter>
    </ClInclude>
    <ClInclude Include="EnergyBall.h">
      <Filter>Header Files\Atores\Habilidades</Filter>
    </ClInclude>
    <ClInclude Include="DropItem.h">
      <Filter>Header Files\Atores</Filter>
    </ClInclude>
    <ClInclude Include="Consumavel.h">
      <Filter>Header Files\Itens</Filter>
    </ClInclude>
    <ClInclude Include="Espinhos.h">
      <Filter>Header Files\Atores\Habilidades</Filter>
    </ClInclude>
    <ClInclude Include="Flecha.h">
      <Filter>Header Files\Atores\Habilidades</Filter>
    </ClInclude>
    <ClInclude Include="Armadilha.h">
      <Filter>Header Files\Atores</Filter>
    </ClInclude>
    <ClInclude Include="BotaoPersonalizado.h">
      <Filter>Header Files</Filter>
    </ClInclude>
    <ClInclude Include="Claw.h">
      <Filter>Header Files\Atores\Habilidades</Filter>
    </ClInclude>
    <ClInclude Include="Lobisomem.h">
      <Filter>Header Files\Atores\Inimigos</Filter>
    </ClInclude>
    <ClInclude Include="Lucifer.h">
      <Filter>Header Files\Atores\Inimigos</Filter>
    </ClInclude>
    <ClInclude Include="Crowley.h">
      <Filter>Header Files\Atores\Inimigos</Filter>
    </ClInclude>
    <ClInclude Include="Editor.h">
      <Filter>Header Files\Telas</Filter>
    </ClInclude>
  </ItemGroup>
</Project>