<?xml version="1.0" encoding="utf-8"?>
<Project ToolsVersion="4.0" xmlns="http://schemas.microsoft.com/developer/msbuild/2003">
  <ItemGroup>
    <Filter Include="Source Files">
      <UniqueIdentifier>{4FC737F1-C7A5-4376-A066-2A32D752A2FF}</UniqueIdentifier>
      <Extensions>cpp;c;cc;cxx;def;odl;idl;hpj;bat;asm;asmx</Extensions>
    </Filter>
    <Filter Include="Header Files">
      <UniqueIdentifier>{93995380-89BD-4b04-88EB-625FBE52EBFB}</UniqueIdentifier>
      <Extensions>h;hpp;hxx;hm;inl;inc;xsd</Extensions>
    </Filter>
    <Filter Include="Resource Files">
      <UniqueIdentifier>{67DA6AB6-F800-4c08-8B7A-83BB121AAD01}</UniqueIdentifier>
      <Extensions>rc;ico;cur;bmp;dlg;rc2;rct;bin;rgs;gif;jpg;jpeg;jpe;resx;tiff;tif;png;wav;mfcribbon-ms</Extensions>
    </Filter>
    <Filter Include="Header Files\Janelas">
      <UniqueIdentifier>{b71d5772-f877-484b-9a83-91214bcc90d5}</UniqueIdentifier>
    </Filter>
    <Filter Include="Source Files\Janelas">
      <UniqueIdentifier>{b7ea9fbd-21b7-4470-b4ad-498cdd2b6075}</UniqueIdentifier>
    </Filter>
    <Filter Include="Header Files\Telas">
      <UniqueIdentifier>{1ae140f8-5dbd-4f9b-b27e-c3fe7610b209}</UniqueIdentifier>
    </Filter>
    <Filter Include="Source Files\Telas">
      <UniqueIdentifier>{b1629151-42ac-48c9-a978-07de514fabe0}</UniqueIdentifier>
    </Filter>
    <Filter Include="Header Files\Atores">
      <UniqueIdentifier>{ef440940-cfe4-401c-bc0b-7c910ddf263d}</UniqueIdentifier>
    </Filter>
    <Filter Include="Source Files\Atores">
      <UniqueIdentifier>{813cfd0d-c407-4bde-b54c-2817452eacd7}</UniqueIdentifier>
    </Filter>
  </ItemGroup>
  <ItemGroup>
    <ClCompile Include="Main.cpp">
      <Filter>Source Files</Filter>
    </ClCompile>
    <ClCompile Include="SDLApp.cpp">
      <Filter>Source Files</Filter>
    </ClCompile>
    <ClCompile Include="Sprite.cpp">
      <Filter>Source Files</Filter>
    </ClCompile>
    <ClCompile Include="GerenteJanela.cpp">
      <Filter>Source Files\Janelas</Filter>
    </ClCompile>
    <ClCompile Include="Janela.cpp">
      <Filter>Source Files\Janelas</Filter>
    </ClCompile>
    <ClCompile Include="GerenciadorTelas.cpp">
      <Filter>Source Files\Telas</Filter>
    </ClCompile>
    <ClCompile Include="MenuInicial.cpp">
      <Filter>Source Files\Telas</Filter>
    </ClCompile>
    <ClCompile Include="DebugJanelas.cpp">
      <Filter>Source Files\Telas</Filter>
    </ClCompile>
    <ClCompile Include="FW_Entrada.cpp">
      <Filter>Source Files</Filter>
    </ClCompile>
    <ClCompile Include="Ingame.cpp">
      <Filter>Source Files\Telas</Filter>
    </ClCompile>
    <ClCompile Include="Ator.cpp">
      <Filter>Source Files\Atores</Filter>
    </ClCompile>
    <ClCompile Include="GerenteAtor.cpp">
      <Filter>Source Files\Atores</Filter>
    </ClCompile>
    <ClCompile Include="Jogador.cpp">
      <Filter>Source Files\Atores</Filter>
    </ClCompile>
    <ClCompile Include="Mapa.cpp">
      <Filter>Source Files</Filter>
    </ClCompile>
  </ItemGroup>
  <ItemGroup>
    <ClInclude Include="globaldef.h">
      <Filter>Header Files</Filter>
    </ClInclude>
    <ClInclude Include="SDLApp.h">
      <Filter>Header Files</Filter>
    </ClInclude>
    <ClInclude Include="Sprite.h">
      <Filter>Header Files</Filter>
    </ClInclude>
    <ClInclude Include="GerenteJanela.h">
      <Filter>Header Files\Janelas</Filter>
    </ClInclude>
    <ClInclude Include="Janela.h">
      <Filter>Header Files\Janelas</Filter>
    </ClInclude>
    <ClInclude Include="Tela.h">
      <Filter>Header Files\Telas</Filter>
    </ClInclude>
    <ClInclude Include="GerenciadorTelas.h">
      <Filter>Header Files\Telas</Filter>
    </ClInclude>
    <ClInclude Include="MenuInicial.h">
      <Filter>Header Files\Telas</Filter>
    </ClInclude>
    <ClInclude Include="DebugJanelas.h">
      <Filter>Header Files\Telas</Filter>
    </ClInclude>
    <ClInclude Include="FW_Entrada.h">
      <Filter>Header Files</Filter>
    </ClInclude>
    <ClInclude Include="Ingame.h">
      <Filter>Header Files\Telas</Filter>
    </ClInclude>
    <ClInclude Include="GerenteAtor.h">
      <Filter>Header Files\Atores</Filter>
    </ClInclude>
    <ClInclude Include="Ator.h">
      <Filter>Header Files\Atores</Filter>
    </ClInclude>
    <ClInclude Include="Jogador.h">
      <Filter>Header Files\Atores</Filter>
    </ClInclude>
    <ClInclude Include="Mapa.h">
      <Filter>Header Files</Filter>
    </ClInclude>
  </ItemGroup>
</Project>